
Microsoft Visual Studio Solution File, Format Version 12.00
# Visual Studio Version 16
VisualStudioVersion = 16.0.31321.278
MinimumVisualStudioVersion = 10.0.40219.1
Project("{9A19103F-16F7-4668-BE54-9A1E7A4F7556}") = "Task_1", "3K1SPZ\Task_1.csproj", "{984B32E5-296D-4EE2-B575-15155D7D9853}"
EndProject
Global
	GlobalSection(SolutionConfigurationPlatforms) = preSolution
		Debug|Any CPU = Debug|Any CPU
		Release|Any CPU = Release|Any CPU
	EndGlobalSection
	GlobalSection(ProjectConfigurationPlatforms) = postSolution
		{984B32E5-296D-4EE2-B575-15155D7D9853}.Debug|Any CPU.ActiveCfg = Debug|Any CPU
		{984B32E5-296D-4EE2-B575-15155D7D9853}.Debug|Any CPU.Build.0 = Debug|Any CPU
		{984B32E5-296D-4EE2-B575-15155D7D9853}.Release|Any CPU.ActiveCfg = Release|Any CPU
		{984B32E5-296D-4EE2-B575-15155D7D9853}.Release|Any CPU.Build.0 = Release|Any CPU
	EndGlobalSection
	GlobalSection(SolutionProperties) = preSolution
		HideSolutionNode = FALSE
	EndGlobalSection
	GlobalSection(ExtensibilityGlobals) = postSolution
		SolutionGuid = {1DCE0B66-EA9B-4425-ADC0-83BC832C56C4}
	EndGlobalSection
EndGlobal
